// !$*UTF8*$!
{
	archiveVersion = 1;
	classes = {
	};
	objectVersion = 50;
	objects = {

/* Begin PBXBuildFile section */
		2EA4021DE5E9F3D4F1D1B811 /* Pods_ShoppingLand.framework in Frameworks */ = {isa = PBXBuildFile; fileRef = CB9385C62C8392B3FC1EFED9 /* Pods_ShoppingLand.framework */; };
		B522972D20DBF47F006A56DA /* AppDelegate.swift in Sources */ = {isa = PBXBuildFile; fileRef = B522972C20DBF47F006A56DA /* AppDelegate.swift */; };
		B522972F20DBF47F006A56DA /* ProductsViewController.swift in Sources */ = {isa = PBXBuildFile; fileRef = B522972E20DBF47F006A56DA /* ProductsViewController.swift */; };
		B522973220DBF47F006A56DA /* Main.storyboard in Resources */ = {isa = PBXBuildFile; fileRef = B522973020DBF47F006A56DA /* Main.storyboard */; };
		B522973720DBF481006A56DA /* Assets.xcassets in Resources */ = {isa = PBXBuildFile; fileRef = B522973620DBF481006A56DA /* Assets.xcassets */; };
		B522973A20DBF481006A56DA /* LaunchScreen.storyboard in Resources */ = {isa = PBXBuildFile; fileRef = B522973820DBF481006A56DA /* LaunchScreen.storyboard */; };
		B522974720DBF8FB006A56DA /* CartViewController.swift in Sources */ = {isa = PBXBuildFile; fileRef = B522974620DBF8FB006A56DA /* CartViewController.swift */; };
		B522974920DBF90B006A56DA /* ProductDetailsViewController.swift in Sources */ = {isa = PBXBuildFile; fileRef = B522974820DBF90B006A56DA /* ProductDetailsViewController.swift */; };
		B522974B20DC1510006A56DA /* ProductTableViewCell.swift in Sources */ = {isa = PBXBuildFile; fileRef = B522974A20DC1510006A56DA /* ProductTableViewCell.swift */; };
		B536AB5920E3E6C200469324 /* Settings.bundle in Resources */ = {isa = PBXBuildFile; fileRef = B536AB5820E3E6C200469324 /* Settings.bundle */; };
		B536AB5B20E3EC9E00469324 /* SettingsBundleHelper.swift in Sources */ = {isa = PBXBuildFile; fileRef = B536AB5A20E3EC9E00469324 /* SettingsBundleHelper.swift */; };
		B584F72120EFAD2700DEAC01 /* ThemeSelectionViewController.swift in Sources */ = {isa = PBXBuildFile; fileRef = B584F72020EFAD2700DEAC01 /* ThemeSelectionViewController.swift */; };
		B587D50D20ED4E8E00380EF1 /* BankAccount.swift in Sources */ = {isa = PBXBuildFile; fileRef = B587D50C20ED4E8E00380EF1 /* BankAccount.swift */; };
		B587D50F20ED4EB600380EF1 /* ProfitViewController.swift in Sources */ = {isa = PBXBuildFile; fileRef = B587D50E20ED4EB600380EF1 /* ProfitViewController.swift */; };
		B587D51820ED533600380EF1 /* IntentHandler.swift in Sources */ = {isa = PBXBuildFile; fileRef = B587D51720ED533600380EF1 /* IntentHandler.swift */; };
		B587D51C20ED533600380EF1 /* Siri ShoppingLand.appex in Embed App Extensions */ = {isa = PBXBuildFile; fileRef = B587D51520ED533600380EF1 /* Siri ShoppingLand.appex */; settings = {ATTRIBUTES = (RemoveHeadersOnCopy, ); }; };
		B587D52220ED55F600380EF1 /* BankAccount.swift in Sources */ = {isa = PBXBuildFile; fileRef = B587D50C20ED4E8E00380EF1 /* BankAccount.swift */; };
		B587D52520EE12FE00380EF1 /* Products.storyboard in Resources */ = {isa = PBXBuildFile; fileRef = B587D52420EE12FE00380EF1 /* Products.storyboard */; };
		B587D52720EE131400380EF1 /* Cart.storyboard in Resources */ = {isa = PBXBuildFile; fileRef = B587D52620EE131400380EF1 /* Cart.storyboard */; };
		B587D52920EE222000380EF1 /* AdminPanel.storyboard in Resources */ = {isa = PBXBuildFile; fileRef = B587D52820EE222000380EF1 /* AdminPanel.storyboard */; };
		B5B64BF920E63DCA0023443F /* Constants.swift in Sources */ = {isa = PBXBuildFile; fileRef = B5B64BF820E63DCA0023443F /* Constants.swift */; };
		B5DF6DDE20DFF67200A06435 /* CoreDataStack.swift in Sources */ = {isa = PBXBuildFile; fileRef = B5DF6DDD20DFF67200A06435 /* CoreDataStack.swift */; };
		B5DF6DE520DFFDC300A06435 /* ShoppingLand.xcdatamodeld in Sources */ = {isa = PBXBuildFile; fileRef = B5DF6DE320DFFDC300A06435 /* ShoppingLand.xcdatamodeld */; };
		B5E7793420DD31790027C8F3 /* AdminPanelViewController.swift in Sources */ = {isa = PBXBuildFile; fileRef = B5E7793320DD31790027C8F3 /* AdminPanelViewController.swift */; };
		B5E7793820DD55CE0027C8F3 /* CartTableViewCell.swift in Sources */ = {isa = PBXBuildFile; fileRef = B5E7793720DD55CE0027C8F3 /* CartTableViewCell.swift */; };
		B5FC7CE620E1266100530F21 /* AssetsLibrary.framework in Frameworks */ = {isa = PBXBuildFile; fileRef = B5FC7CE420E106D700530F21 /* AssetsLibrary.framework */; };
		B5FC7CE820E158E900530F21 /* GoogleSearchModel.swift in Sources */ = {isa = PBXBuildFile; fileRef = B5FC7CE720E158E900530F21 /* GoogleSearchModel.swift */; };
/* End PBXBuildFile section */

/* Begin PBXContainerItemProxy section */
		B587D51A20ED533600380EF1 /* PBXContainerItemProxy */ = {
			isa = PBXContainerItemProxy;
			containerPortal = B522972120DBF47E006A56DA /* Project object */;
			proxyType = 1;
			remoteGlobalIDString = B587D51420ED533600380EF1;
			remoteInfo = "Siri ShoppingLand";
		};
/* End PBXContainerItemProxy section */

/* Begin PBXCopyFilesBuildPhase section */
		B587D52020ED533600380EF1 /* Embed App Extensions */ = {
			isa = PBXCopyFilesBuildPhase;
			buildActionMask = 2147483647;
			dstPath = "";
			dstSubfolderSpec = 13;
			files = (
				B587D51C20ED533600380EF1 /* Siri ShoppingLand.appex in Embed App Extensions */,
			);
			name = "Embed App Extensions";
			runOnlyForDeploymentPostprocessing = 0;
		};
/* End PBXCopyFilesBuildPhase section */

/* Begin PBXFileReference section */
		257EC222F0BFFB6D564E1180 /* Pods-ShoppingLand.release.xcconfig */ = {isa = PBXFileReference; includeInIndex = 1; lastKnownFileType = text.xcconfig; name = "Pods-ShoppingLand.release.xcconfig"; path = "Pods/Target Support Files/Pods-ShoppingLand/Pods-ShoppingLand.release.xcconfig"; sourceTree = "<group>"; };
		B522972920DBF47E006A56DA /* ShoppingLand.app */ = {isa = PBXFileReference; explicitFileType = wrapper.application; includeInIndex = 0; path = ShoppingLand.app; sourceTree = BUILT_PRODUCTS_DIR; };
		B522972C20DBF47F006A56DA /* AppDelegate.swift */ = {isa = PBXFileReference; lastKnownFileType = sourcecode.swift; path = AppDelegate.swift; sourceTree = "<group>"; };
		B522972E20DBF47F006A56DA /* ProductsViewController.swift */ = {isa = PBXFileReference; lastKnownFileType = sourcecode.swift; path = ProductsViewController.swift; sourceTree = "<group>"; };
		B522973120DBF47F006A56DA /* Base */ = {isa = PBXFileReference; lastKnownFileType = file.storyboard; name = Base; path = Base.lproj/Main.storyboard; sourceTree = "<group>"; };
		B522973620DBF481006A56DA /* Assets.xcassets */ = {isa = PBXFileReference; lastKnownFileType = folder.assetcatalog; path = Assets.xcassets; sourceTree = "<group>"; };
		B522973920DBF481006A56DA /* Base */ = {isa = PBXFileReference; lastKnownFileType = file.storyboard; name = Base; path = Base.lproj/LaunchScreen.storyboard; sourceTree = "<group>"; };
		B522973B20DBF481006A56DA /* Info.plist */ = {isa = PBXFileReference; lastKnownFileType = text.plist.xml; path = Info.plist; sourceTree = "<group>"; };
		B522974620DBF8FB006A56DA /* CartViewController.swift */ = {isa = PBXFileReference; lastKnownFileType = sourcecode.swift; path = CartViewController.swift; sourceTree = "<group>"; };
		B522974820DBF90B006A56DA /* ProductDetailsViewController.swift */ = {isa = PBXFileReference; lastKnownFileType = sourcecode.swift; path = ProductDetailsViewController.swift; sourceTree = "<group>"; };
		B522974A20DC1510006A56DA /* ProductTableViewCell.swift */ = {isa = PBXFileReference; lastKnownFileType = sourcecode.swift; path = ProductTableViewCell.swift; sourceTree = "<group>"; };
		B536AB5820E3E6C200469324 /* Settings.bundle */ = {isa = PBXFileReference; lastKnownFileType = "wrapper.plug-in"; path = Settings.bundle; sourceTree = "<group>"; };
		B536AB5A20E3EC9E00469324 /* SettingsBundleHelper.swift */ = {isa = PBXFileReference; lastKnownFileType = sourcecode.swift; path = SettingsBundleHelper.swift; sourceTree = "<group>"; };
		B584F72020EFAD2700DEAC01 /* ThemeSelectionViewController.swift */ = {isa = PBXFileReference; lastKnownFileType = sourcecode.swift; path = ThemeSelectionViewController.swift; sourceTree = "<group>"; };
		B587D50C20ED4E8E00380EF1 /* BankAccount.swift */ = {isa = PBXFileReference; lastKnownFileType = sourcecode.swift; path = BankAccount.swift; sourceTree = "<group>"; };
		B587D50E20ED4EB600380EF1 /* ProfitViewController.swift */ = {isa = PBXFileReference; lastKnownFileType = sourcecode.swift; path = ProfitViewController.swift; sourceTree = "<group>"; };
		B587D51020ED500700380EF1 /* ShoppingLand.entitlements */ = {isa = PBXFileReference; lastKnownFileType = text.plist.entitlements; path = ShoppingLand.entitlements; sourceTree = "<group>"; };
		B587D51520ED533600380EF1 /* Siri ShoppingLand.appex */ = {isa = PBXFileReference; explicitFileType = "wrapper.app-extension"; includeInIndex = 0; path = "Siri ShoppingLand.appex"; sourceTree = BUILT_PRODUCTS_DIR; };
		B587D51720ED533600380EF1 /* IntentHandler.swift */ = {isa = PBXFileReference; lastKnownFileType = sourcecode.swift; path = IntentHandler.swift; sourceTree = "<group>"; };
		B587D51920ED533600380EF1 /* Info.plist */ = {isa = PBXFileReference; lastKnownFileType = text.plist.xml; path = Info.plist; sourceTree = "<group>"; };
		B587D52120ED552700380EF1 /* Siri ShoppingLand.entitlements */ = {isa = PBXFileReference; lastKnownFileType = text.plist.entitlements; path = "Siri ShoppingLand.entitlements"; sourceTree = "<group>"; };
		B587D52420EE12FE00380EF1 /* Products.storyboard */ = {isa = PBXFileReference; lastKnownFileType = file.storyboard; path = Products.storyboard; sourceTree = "<group>"; };
		B587D52620EE131400380EF1 /* Cart.storyboard */ = {isa = PBXFileReference; lastKnownFileType = file.storyboard; path = Cart.storyboard; sourceTree = "<group>"; };
		B587D52820EE222000380EF1 /* AdminPanel.storyboard */ = {isa = PBXFileReference; lastKnownFileType = file.storyboard; path = AdminPanel.storyboard; sourceTree = "<group>"; };
		B5B64BF820E63DCA0023443F /* Constants.swift */ = {isa = PBXFileReference; lastKnownFileType = sourcecode.swift; path = Constants.swift; sourceTree = "<group>"; };
		B5DF6DDD20DFF67200A06435 /* CoreDataStack.swift */ = {isa = PBXFileReference; lastKnownFileType = sourcecode.swift; path = CoreDataStack.swift; sourceTree = "<group>"; };
		B5DF6DE420DFFDC300A06435 /* ShoppingLand.xcdatamodel */ = {isa = PBXFileReference; lastKnownFileType = wrapper.xcdatamodel; path = ShoppingLand.xcdatamodel; sourceTree = "<group>"; };
		B5E7793320DD31790027C8F3 /* AdminPanelViewController.swift */ = {isa = PBXFileReference; lastKnownFileType = sourcecode.swift; path = AdminPanelViewController.swift; sourceTree = "<group>"; };
		B5E7793720DD55CE0027C8F3 /* CartTableViewCell.swift */ = {isa = PBXFileReference; lastKnownFileType = sourcecode.swift; path = CartTableViewCell.swift; sourceTree = "<group>"; };
		B5FC7CE420E106D700530F21 /* AssetsLibrary.framework */ = {isa = PBXFileReference; lastKnownFileType = wrapper.framework; name = AssetsLibrary.framework; path = System/Library/Frameworks/AssetsLibrary.framework; sourceTree = SDKROOT; };
		B5FC7CE720E158E900530F21 /* GoogleSearchModel.swift */ = {isa = PBXFileReference; lastKnownFileType = sourcecode.swift; path = GoogleSearchModel.swift; sourceTree = "<group>"; };
		CB9385C62C8392B3FC1EFED9 /* Pods_ShoppingLand.framework */ = {isa = PBXFileReference; explicitFileType = wrapper.framework; includeInIndex = 0; path = Pods_ShoppingLand.framework; sourceTree = BUILT_PRODUCTS_DIR; };
		D9C2850241E9F510D74F6B25 /* Pods-ShoppingLand.debug.xcconfig */ = {isa = PBXFileReference; includeInIndex = 1; lastKnownFileType = text.xcconfig; name = "Pods-ShoppingLand.debug.xcconfig"; path = "Pods/Target Support Files/Pods-ShoppingLand/Pods-ShoppingLand.debug.xcconfig"; sourceTree = "<group>"; };
/* End PBXFileReference section */

/* Begin PBXFrameworksBuildPhase section */
		B522972620DBF47E006A56DA /* Frameworks */ = {
			isa = PBXFrameworksBuildPhase;
			buildActionMask = 2147483647;
			files = (
				B5FC7CE620E1266100530F21 /* AssetsLibrary.framework in Frameworks */,
				2EA4021DE5E9F3D4F1D1B811 /* Pods_ShoppingLand.framework in Frameworks */,
			);
			runOnlyForDeploymentPostprocessing = 0;
		};
		B587D51220ED533600380EF1 /* Frameworks */ = {
			isa = PBXFrameworksBuildPhase;
			buildActionMask = 2147483647;
			files = (
			);
			runOnlyForDeploymentPostprocessing = 0;
		};
/* End PBXFrameworksBuildPhase section */

/* Begin PBXGroup section */
		30B231B49EBB887CAF6C4D68 /* Frameworks */ = {
			isa = PBXGroup;
			children = (
				B5FC7CE420E106D700530F21 /* AssetsLibrary.framework */,
				CB9385C62C8392B3FC1EFED9 /* Pods_ShoppingLand.framework */,
			);
			name = Frameworks;
			sourceTree = "<group>";
		};
		AE2E801D5331D5A7CE37942D /* Pods */ = {
			isa = PBXGroup;
			children = (
				D9C2850241E9F510D74F6B25 /* Pods-ShoppingLand.debug.xcconfig */,
				257EC222F0BFFB6D564E1180 /* Pods-ShoppingLand.release.xcconfig */,
			);
			name = Pods;
			sourceTree = "<group>";
		};
		B522972020DBF47E006A56DA = {
			isa = PBXGroup;
			children = (
				B522972B20DBF47E006A56DA /* ShoppingLand */,
				B587D51620ED533600380EF1 /* Siri ShoppingLand */,
				B522972A20DBF47E006A56DA /* Products */,
				AE2E801D5331D5A7CE37942D /* Pods */,
				30B231B49EBB887CAF6C4D68 /* Frameworks */,
			);
			sourceTree = "<group>";
		};
		B522972A20DBF47E006A56DA /* Products */ = {
			isa = PBXGroup;
			children = (
				B522972920DBF47E006A56DA /* ShoppingLand.app */,
				B587D51520ED533600380EF1 /* Siri ShoppingLand.appex */,
			);
			name = Products;
			sourceTree = "<group>";
		};
		B522972B20DBF47E006A56DA /* ShoppingLand */ = {
			isa = PBXGroup;
			children = (
				B587D52320EE12CE00380EF1 /* Storyboards */,
				B5B64BFA20E643A20023443F /* Constants */,
				B522974420DBF515006A56DA /* CoreData */,
				B522974120DBF4E9006A56DA /* Model */,
				B522974220DBF4EF006A56DA /* View */,
				B522974320DBF4F3006A56DA /* Controller */,
				B522974520DBF51F006A56DA /* Supporting Files */,
			);
			path = ShoppingLand;
			sourceTree = "<group>";
		};
		B522974120DBF4E9006A56DA /* Model */ = {
			isa = PBXGroup;
			children = (
				B5E7793720DD55CE0027C8F3 /* CartTableViewCell.swift */,
				B522974A20DC1510006A56DA /* ProductTableViewCell.swift */,
			);
			path = Model;
			sourceTree = "<group>";
		};
		B522974220DBF4EF006A56DA /* View */ = {
			isa = PBXGroup;
			children = (
				B522973620DBF481006A56DA /* Assets.xcassets */,
			);
			path = View;
			sourceTree = "<group>";
		};
		B522974320DBF4F3006A56DA /* Controller */ = {
			isa = PBXGroup;
			children = (
				B5E7793320DD31790027C8F3 /* AdminPanelViewController.swift */,
				B522972C20DBF47F006A56DA /* AppDelegate.swift */,
				B587D50C20ED4E8E00380EF1 /* BankAccount.swift */,
				B522974620DBF8FB006A56DA /* CartViewController.swift */,
				B522974820DBF90B006A56DA /* ProductDetailsViewController.swift */,
				B522972E20DBF47F006A56DA /* ProductsViewController.swift */,
				B587D50E20ED4EB600380EF1 /* ProfitViewController.swift */,
				B536AB5A20E3EC9E00469324 /* SettingsBundleHelper.swift */,
				B584F72020EFAD2700DEAC01 /* ThemeSelectionViewController.swift */,
			);
			path = Controller;
			sourceTree = "<group>";
		};
		B522974420DBF515006A56DA /* CoreData */ = {
			isa = PBXGroup;
			children = (
				B5DF6DEA20E0070500A06435 /* Model */,
				B5DF6DE320DFFDC300A06435 /* ShoppingLand.xcdatamodeld */,
			);
			path = CoreData;
			sourceTree = "<group>";
		};
		B522974520DBF51F006A56DA /* Supporting Files */ = {
			isa = PBXGroup;
			children = (
				B522973B20DBF481006A56DA /* Info.plist */,
				B536AB5820E3E6C200469324 /* Settings.bundle */,
				B587D51020ED500700380EF1 /* ShoppingLand.entitlements */,
			);
			path = "Supporting Files";
			sourceTree = "<group>";
		};
		B587D51620ED533600380EF1 /* Siri ShoppingLand */ = {
			isa = PBXGroup;
			children = (
				B587D52120ED552700380EF1 /* Siri ShoppingLand.entitlements */,
				B587D51720ED533600380EF1 /* IntentHandler.swift */,
				B587D51920ED533600380EF1 /* Info.plist */,
			);
			path = "Siri ShoppingLand";
			sourceTree = "<group>";
		};
		B587D52320EE12CE00380EF1 /* Storyboards */ = {
			isa = PBXGroup;
			children = (
				B587D52820EE222000380EF1 /* AdminPanel.storyboard */,
				B587D52620EE131400380EF1 /* Cart.storyboard */,
				B522973820DBF481006A56DA /* LaunchScreen.storyboard */,
				B522973020DBF47F006A56DA /* Main.storyboard */,
				B587D52420EE12FE00380EF1 /* Products.storyboard */,
			);
			path = Storyboards;
			sourceTree = "<group>";
		};
		B5B64BFA20E643A20023443F /* Constants */ = {
			isa = PBXGroup;
			children = (
				B5B64BF820E63DCA0023443F /* Constants.swift */,
			);
			path = Constants;
			sourceTree = "<group>";
		};
		B5DF6DEA20E0070500A06435 /* Model */ = {
			isa = PBXGroup;
			children = (
				B5DF6DDD20DFF67200A06435 /* CoreDataStack.swift */,
				B5FC7CE720E158E900530F21 /* GoogleSearchModel.swift */,
			);
			path = Model;
			sourceTree = "<group>";
		};
/* End PBXGroup section */

/* Begin PBXNativeTarget section */
		B522972820DBF47E006A56DA /* ShoppingLand */ = {
			isa = PBXNativeTarget;
			buildConfigurationList = B522973E20DBF481006A56DA /* Build configuration list for PBXNativeTarget "ShoppingLand" */;
			buildPhases = (
				A91F92377973F25A87F973C7 /* [CP] Check Pods Manifest.lock */,
				B522972520DBF47E006A56DA /* Sources */,
				B522972620DBF47E006A56DA /* Frameworks */,
				B522972720DBF47E006A56DA /* Resources */,
				614AE1783B1639FEABF6DBC5 /* [CP] Embed Pods Frameworks */,
				B587D52020ED533600380EF1 /* Embed App Extensions */,
			);
			buildRules = (
			);
			dependencies = (
				B587D51B20ED533600380EF1 /* PBXTargetDependency */,
			);
			name = ShoppingLand;
			productName = ComputersLand;
			productReference = B522972920DBF47E006A56DA /* ShoppingLand.app */;
			productType = "com.apple.product-type.application";
		};
		B587D51420ED533600380EF1 /* Siri ShoppingLand */ = {
			isa = PBXNativeTarget;
			buildConfigurationList = B587D51D20ED533600380EF1 /* Build configuration list for PBXNativeTarget "Siri ShoppingLand" */;
			buildPhases = (
				B587D51120ED533600380EF1 /* Sources */,
				B587D51220ED533600380EF1 /* Frameworks */,
				B587D51320ED533600380EF1 /* Resources */,
			);
			buildRules = (
			);
			dependencies = (
			);
			name = "Siri ShoppingLand";
			productName = "Siri ShoppingLand";
			productReference = B587D51520ED533600380EF1 /* Siri ShoppingLand.appex */;
			productType = "com.apple.product-type.app-extension";
		};
/* End PBXNativeTarget section */

/* Begin PBXProject section */
		B522972120DBF47E006A56DA /* Project object */ = {
			isa = PBXProject;
			attributes = {
				LastSwiftUpdateCheck = 1000;
				LastUpgradeCheck = 1000;
				ORGANIZATIONNAME = "Florentin Lupascu";
				TargetAttributes = {
					B522972820DBF47E006A56DA = {
						CreatedOnToolsVersion = 10.0;
						SystemCapabilities = {
							com.apple.ApplicationGroups.iOS = {
								enabled = 1;
							};
							com.apple.Siri = {
								enabled = 1;
							};
						};
					};
					B587D51420ED533600380EF1 = {
						CreatedOnToolsVersion = 10.0;
						SystemCapabilities = {
							com.apple.ApplicationGroups.iOS = {
								enabled = 1;
							};
						};
					};
				};
			};
			buildConfigurationList = B522972420DBF47E006A56DA /* Build configuration list for PBXProject "ShoppingLand" */;
			compatibilityVersion = "Xcode 9.3";
			developmentRegion = en;
			hasScannedForEncodings = 0;
			knownRegions = (
				en,
				Base,
			);
			mainGroup = B522972020DBF47E006A56DA;
			productRefGroup = B522972A20DBF47E006A56DA /* Products */;
			projectDirPath = "";
			projectRoot = "";
			targets = (
				B522972820DBF47E006A56DA /* ShoppingLand */,
				B587D51420ED533600380EF1 /* Siri ShoppingLand */,
			);
		};
/* End PBXProject section */

/* Begin PBXResourcesBuildPhase section */
		B522972720DBF47E006A56DA /* Resources */ = {
			isa = PBXResourcesBuildPhase;
			buildActionMask = 2147483647;
			files = (
				B522973A20DBF481006A56DA /* LaunchScreen.storyboard in Resources */,
				B522973720DBF481006A56DA /* Assets.xcassets in Resources */,
				B536AB5920E3E6C200469324 /* Settings.bundle in Resources */,
				B587D52920EE222000380EF1 /* AdminPanel.storyboard in Resources */,
				B587D52520EE12FE00380EF1 /* Products.storyboard in Resources */,
				B587D52720EE131400380EF1 /* Cart.storyboard in Resources */,
				B522973220DBF47F006A56DA /* Main.storyboard in Resources */,
			);
			runOnlyForDeploymentPostprocessing = 0;
		};
		B587D51320ED533600380EF1 /* Resources */ = {
			isa = PBXResourcesBuildPhase;
			buildActionMask = 2147483647;
			files = (
			);
			runOnlyForDeploymentPostprocessing = 0;
		};
/* End PBXResourcesBuildPhase section */

/* Begin PBXShellScriptBuildPhase section */
		614AE1783B1639FEABF6DBC5 /* [CP] Embed Pods Frameworks */ = {
			isa = PBXShellScriptBuildPhase;
			buildActionMask = 2147483647;
			files = (
			);
			inputPaths = (
				"${SRCROOT}/Pods/Target Support Files/Pods-ShoppingLand/Pods-ShoppingLand-frameworks.sh",
				"${BUILT_PRODUCTS_DIR}/EFInternetIndicator/EFInternetIndicator.framework",
				"${BUILT_PRODUCTS_DIR}/KRActivityIndicatorView/KRActivityIndicatorView.framework",
				"${BUILT_PRODUCTS_DIR}/KRProgressHUD/KRProgressHUD.framework",
				"${BUILT_PRODUCTS_DIR}/Kingfisher/Kingfisher.framework",
				"${BUILT_PRODUCTS_DIR}/SCLAlertView/SCLAlertView.framework",
				"${BUILT_PRODUCTS_DIR}/SwiftMessages/SwiftMessages.framework",
			);
			name = "[CP] Embed Pods Frameworks";
			outputPaths = (
				"${TARGET_BUILD_DIR}/${FRAMEWORKS_FOLDER_PATH}/EFInternetIndicator.framework",
				"${TARGET_BUILD_DIR}/${FRAMEWORKS_FOLDER_PATH}/KRActivityIndicatorView.framework",
				"${TARGET_BUILD_DIR}/${FRAMEWORKS_FOLDER_PATH}/KRProgressHUD.framework",
				"${TARGET_BUILD_DIR}/${FRAMEWORKS_FOLDER_PATH}/Kingfisher.framework",
				"${TARGET_BUILD_DIR}/${FRAMEWORKS_FOLDER_PATH}/SCLAlertView.framework",
				"${TARGET_BUILD_DIR}/${FRAMEWORKS_FOLDER_PATH}/SwiftMessages.framework",
			);
			runOnlyForDeploymentPostprocessing = 0;
			shellPath = /bin/sh;
			shellScript = "\"${SRCROOT}/Pods/Target Support Files/Pods-ShoppingLand/Pods-ShoppingLand-frameworks.sh\"\n";
			showEnvVarsInLog = 0;
		};
		A91F92377973F25A87F973C7 /* [CP] Check Pods Manifest.lock */ = {
			isa = PBXShellScriptBuildPhase;
			buildActionMask = 2147483647;
			files = (
			);
			inputPaths = (
				"${PODS_PODFILE_DIR_PATH}/Podfile.lock",
				"${PODS_ROOT}/Manifest.lock",
			);
			name = "[CP] Check Pods Manifest.lock";
			outputPaths = (
				"$(DERIVED_FILE_DIR)/Pods-ShoppingLand-checkManifestLockResult.txt",
			);
			runOnlyForDeploymentPostprocessing = 0;
			shellPath = /bin/sh;
			shellScript = "diff \"${PODS_PODFILE_DIR_PATH}/Podfile.lock\" \"${PODS_ROOT}/Manifest.lock\" > /dev/null\nif [ $? != 0 ] ; then\n    # print error to STDERR\n    echo \"error: The sandbox is not in sync with the Podfile.lock. Run 'pod install' or update your CocoaPods installation.\" >&2\n    exit 1\nfi\n# This output is used by Xcode 'outputs' to avoid re-running this script phase.\necho \"SUCCESS\" > \"${SCRIPT_OUTPUT_FILE_0}\"\n";
			showEnvVarsInLog = 0;
		};
/* End PBXShellScriptBuildPhase section */

/* Begin PBXSourcesBuildPhase section */
		B522972520DBF47E006A56DA /* Sources */ = {
			isa = PBXSourcesBuildPhase;
			buildActionMask = 2147483647;
			files = (
				B522974720DBF8FB006A56DA /* CartViewController.swift in Sources */,
				B522972F20DBF47F006A56DA /* ProductsViewController.swift in Sources */,
				B5DF6DDE20DFF67200A06435 /* CoreDataStack.swift in Sources */,
				B522972D20DBF47F006A56DA /* AppDelegate.swift in Sources */,
				B587D50D20ED4E8E00380EF1 /* BankAccount.swift in Sources */,
				B522974920DBF90B006A56DA /* ProductDetailsViewController.swift in Sources */,
				B587D50F20ED4EB600380EF1 /* ProfitViewController.swift in Sources */,
				B5DF6DE520DFFDC300A06435 /* ShoppingLand.xcdatamodeld in Sources */,
				B522974B20DC1510006A56DA /* ProductTableViewCell.swift in Sources */,
				B5E7793420DD31790027C8F3 /* AdminPanelViewController.swift in Sources */,
				B584F72120EFAD2700DEAC01 /* ThemeSelectionViewController.swift in Sources */,
				B536AB5B20E3EC9E00469324 /* SettingsBundleHelper.swift in Sources */,
				B5FC7CE820E158E900530F21 /* GoogleSearchModel.swift in Sources */,
				B5E7793820DD55CE0027C8F3 /* CartTableViewCell.swift in Sources */,
				B5B64BF920E63DCA0023443F /* Constants.swift in Sources */,
			);
			runOnlyForDeploymentPostprocessing = 0;
		};
		B587D51120ED533600380EF1 /* Sources */ = {
			isa = PBXSourcesBuildPhase;
			buildActionMask = 2147483647;
			files = (
				B587D51820ED533600380EF1 /* IntentHandler.swift in Sources */,
				B587D52220ED55F600380EF1 /* BankAccount.swift in Sources */,
			);
			runOnlyForDeploymentPostprocessing = 0;
		};
/* End PBXSourcesBuildPhase section */

/* Begin PBXTargetDependency section */
		B587D51B20ED533600380EF1 /* PBXTargetDependency */ = {
			isa = PBXTargetDependency;
			target = B587D51420ED533600380EF1 /* Siri ShoppingLand */;
			targetProxy = B587D51A20ED533600380EF1 /* PBXContainerItemProxy */;
		};
/* End PBXTargetDependency section */

/* Begin PBXVariantGroup section */
		B522973020DBF47F006A56DA /* Main.storyboard */ = {
			isa = PBXVariantGroup;
			children = (
				B522973120DBF47F006A56DA /* Base */,
			);
			name = Main.storyboard;
			sourceTree = "<group>";
		};
		B522973820DBF481006A56DA /* LaunchScreen.storyboard */ = {
			isa = PBXVariantGroup;
			children = (
				B522973920DBF481006A56DA /* Base */,
			);
			name = LaunchScreen.storyboard;
			sourceTree = "<group>";
		};
/* End PBXVariantGroup section */

/* Begin XCBuildConfiguration section */
		B522973C20DBF481006A56DA /* Debug */ = {
			isa = XCBuildConfiguration;
			buildSettings = {
				ALWAYS_SEARCH_USER_PATHS = NO;
				CLANG_ANALYZER_NONNULL = YES;
				CLANG_ANALYZER_NUMBER_OBJECT_CONVERSION = YES_AGGRESSIVE;
				CLANG_CXX_LANGUAGE_STANDARD = "gnu++14";
				CLANG_CXX_LIBRARY = "libc++";
				CLANG_ENABLE_MODULES = YES;
				CLANG_ENABLE_OBJC_ARC = YES;
				CLANG_ENABLE_OBJC_WEAK = YES;
				CLANG_WARN_BLOCK_CAPTURE_AUTORELEASING = YES;
				CLANG_WARN_BOOL_CONVERSION = YES;
				CLANG_WARN_COMMA = YES;
				CLANG_WARN_CONSTANT_CONVERSION = YES;
				CLANG_WARN_DEPRECATED_OBJC_IMPLEMENTATIONS = YES;
				CLANG_WARN_DIRECT_OBJC_ISA_USAGE = YES_ERROR;
				CLANG_WARN_DOCUMENTATION_COMMENTS = YES;
				CLANG_WARN_EMPTY_BODY = YES;
				CLANG_WARN_ENUM_CONVERSION = YES;
				CLANG_WARN_INFINITE_RECURSION = YES;
				CLANG_WARN_INT_CONVERSION = YES;
				CLANG_WARN_NON_LITERAL_NULL_CONVERSION = YES;
				CLANG_WARN_OBJC_IMPLICIT_RETAIN_SELF = YES;
				CLANG_WARN_OBJC_LITERAL_CONVERSION = YES;
				CLANG_WARN_OBJC_ROOT_CLASS = YES_ERROR;
				CLANG_WARN_RANGE_LOOP_ANALYSIS = YES;
				CLANG_WARN_STRICT_PROTOTYPES = YES;
				CLANG_WARN_SUSPICIOUS_MOVE = YES;
				CLANG_WARN_UNGUARDED_AVAILABILITY = YES_AGGRESSIVE;
				CLANG_WARN_UNREACHABLE_CODE = YES;
				CLANG_WARN__DUPLICATE_METHOD_MATCH = YES;
				CODE_SIGN_IDENTITY = "iPhone Developer";
				COPY_PHASE_STRIP = NO;
				DEBUG_INFORMATION_FORMAT = dwarf;
				ENABLE_STRICT_OBJC_MSGSEND = YES;
				ENABLE_TESTABILITY = YES;
				GCC_C_LANGUAGE_STANDARD = gnu11;
				GCC_DYNAMIC_NO_PIC = NO;
				GCC_NO_COMMON_BLOCKS = YES;
				GCC_OPTIMIZATION_LEVEL = 0;
				GCC_PREPROCESSOR_DEFINITIONS = (
					"DEBUG=1",
					"$(inherited)",
				);
				GCC_WARN_64_TO_32_BIT_CONVERSION = YES;
				GCC_WARN_ABOUT_RETURN_TYPE = YES_ERROR;
				GCC_WARN_UNDECLARED_SELECTOR = YES;
				GCC_WARN_UNINITIALIZED_AUTOS = YES_AGGRESSIVE;
				GCC_WARN_UNUSED_FUNCTION = YES;
				GCC_WARN_UNUSED_VARIABLE = YES;
				IPHONEOS_DEPLOYMENT_TARGET = 10.0;
				MTL_ENABLE_DEBUG_INFO = INCLUDE_SOURCE;
				ONLY_ACTIVE_ARCH = YES;
				SDKROOT = iphoneos;
				SWIFT_ACTIVE_COMPILATION_CONDITIONS = DEBUG;
				SWIFT_OPTIMIZATION_LEVEL = "-Onone";
			};
			name = Debug;
		};
		B522973D20DBF481006A56DA /* Release */ = {
			isa = XCBuildConfiguration;
			buildSettings = {
				ALWAYS_SEARCH_USER_PATHS = NO;
				CLANG_ANALYZER_NONNULL = YES;
				CLANG_ANALYZER_NUMBER_OBJECT_CONVERSION = YES_AGGRESSIVE;
				CLANG_CXX_LANGUAGE_STANDARD = "gnu++14";
				CLANG_CXX_LIBRARY = "libc++";
				CLANG_ENABLE_MODULES = YES;
				CLANG_ENABLE_OBJC_ARC = YES;
				CLANG_ENABLE_OBJC_WEAK = YES;
				CLANG_WARN_BLOCK_CAPTURE_AUTORELEASING = YES;
				CLANG_WARN_BOOL_CONVERSION = YES;
				CLANG_WARN_COMMA = YES;
				CLANG_WARN_CONSTANT_CONVERSION = YES;
				CLANG_WARN_DEPRECATED_OBJC_IMPLEMENTATIONS = YES;
				CLANG_WARN_DIRECT_OBJC_ISA_USAGE = YES_ERROR;
				CLANG_WARN_DOCUMENTATION_COMMENTS = YES;
				CLANG_WARN_EMPTY_BODY = YES;
				CLANG_WARN_ENUM_CONVERSION = YES;
				CLANG_WARN_INFINITE_RECURSION = YES;
				CLANG_WARN_INT_CONVERSION = YES;
				CLANG_WARN_NON_LITERAL_NULL_CONVERSION = YES;
				CLANG_WARN_OBJC_IMPLICIT_RETAIN_SELF = YES;
				CLANG_WARN_OBJC_LITERAL_CONVERSION = YES;
				CLANG_WARN_OBJC_ROOT_CLASS = YES_ERROR;
				CLANG_WARN_RANGE_LOOP_ANALYSIS = YES;
				CLANG_WARN_STRICT_PROTOTYPES = YES;
				CLANG_WARN_SUSPICIOUS_MOVE = YES;
				CLANG_WARN_UNGUARDED_AVAILABILITY = YES_AGGRESSIVE;
				CLANG_WARN_UNREACHABLE_CODE = YES;
				CLANG_WARN__DUPLICATE_METHOD_MATCH = YES;
				CODE_SIGN_IDENTITY = "iPhone Developer";
				COPY_PHASE_STRIP = NO;
				DEBUG_INFORMATION_FORMAT = "dwarf-with-dsym";
				ENABLE_NS_ASSERTIONS = NO;
				ENABLE_STRICT_OBJC_MSGSEND = YES;
				GCC_C_LANGUAGE_STANDARD = gnu11;
				GCC_NO_COMMON_BLOCKS = YES;
				GCC_WARN_64_TO_32_BIT_CONVERSION = YES;
				GCC_WARN_ABOUT_RETURN_TYPE = YES_ERROR;
				GCC_WARN_UNDECLARED_SELECTOR = YES;
				GCC_WARN_UNINITIALIZED_AUTOS = YES_AGGRESSIVE;
				GCC_WARN_UNUSED_FUNCTION = YES;
				GCC_WARN_UNUSED_VARIABLE = YES;
				IPHONEOS_DEPLOYMENT_TARGET = 10.0;
				MTL_ENABLE_DEBUG_INFO = NO;
				SDKROOT = iphoneos;
				SWIFT_COMPILATION_MODE = wholemodule;
				SWIFT_OPTIMIZATION_LEVEL = "-O";
				VALIDATE_PRODUCT = YES;
			};
			name = Release;
		};
		B522973F20DBF481006A56DA /* Debug */ = {
			isa = XCBuildConfiguration;
			baseConfigurationReference = D9C2850241E9F510D74F6B25 /* Pods-ShoppingLand.debug.xcconfig */;
			buildSettings = {
				ALWAYS_EMBED_SWIFT_STANDARD_LIBRARIES = YES;
				ASSETCATALOG_COMPILER_APPICON_NAME = AppIcon;
				CODE_SIGN_ENTITLEMENTS = "ShoppingLand/Supporting Files/ShoppingLand.entitlements";
				CODE_SIGN_STYLE = Automatic;
				DEVELOPMENT_TEAM = WHW5C4JA8E;
				INFOPLIST_FILE = "ShoppingLand/Supporting Files/Info.plist";
				IPHONEOS_DEPLOYMENT_TARGET = 10.0;
				LD_RUNPATH_SEARCH_PATHS = (
					"$(inherited)",
					"@executable_path/Frameworks",
				);
				PRODUCT_BUNDLE_IDENTIFIER = com.tae.Florentin.ShoppingLand;
				PRODUCT_NAME = "$(TARGET_NAME)";
				SWIFT_VERSION = 4.0;
				TARGETED_DEVICE_FAMILY = "1,2";
			};
			name = Debug;
		};
		B522974020DBF481006A56DA /* Release */ = {
			isa = XCBuildConfiguration;
			baseConfigurationReference = 257EC222F0BFFB6D564E1180 /* Pods-ShoppingLand.release.xcconfig */;
			buildSettings = {
				ALWAYS_EMBED_SWIFT_STANDARD_LIBRARIES = YES;
				ASSETCATALOG_COMPILER_APPICON_NAME = AppIcon;
				CODE_SIGN_ENTITLEMENTS = "ShoppingLand/Supporting Files/ShoppingLand.entitlements";
				CODE_SIGN_STYLE = Automatic;
				DEVELOPMENT_TEAM = WHW5C4JA8E;
				INFOPLIST_FILE = "ShoppingLand/Supporting Files/Info.plist";
				IPHONEOS_DEPLOYMENT_TARGET = 10.0;
				LD_RUNPATH_SEARCH_PATHS = (
					"$(inherited)",
					"@executable_path/Frameworks",
				);
				PRODUCT_BUNDLE_IDENTIFIER = com.tae.Florentin.ShoppingLand;
				PRODUCT_NAME = "$(TARGET_NAME)";
				SWIFT_VERSION = 4.0;
				TARGETED_DEVICE_FAMILY = "1,2";
			};
			name = Release;
		};
		B587D51E20ED533600380EF1 /* Debug */ = {
			isa = XCBuildConfiguration;
			buildSettings = {
				CODE_SIGN_ENTITLEMENTS = "Siri ShoppingLand/Siri ShoppingLand.entitlements";
				CODE_SIGN_STYLE = Automatic;
				DEVELOPMENT_TEAM = WHW5C4JA8E;
				INFOPLIST_FILE = "Siri ShoppingLand/Info.plist";
				IPHONEOS_DEPLOYMENT_TARGET = 10.0;
				LD_RUNPATH_SEARCH_PATHS = (
					"$(inherited)",
					"@executable_path/Frameworks",
					"@executable_path/../../Frameworks",
				);
				PRODUCT_BUNDLE_IDENTIFIER = "com.tae.Florentin.ShoppingLand.Siri-ShoppingLand";
				PRODUCT_NAME = "$(TARGET_NAME)";
				SKIP_INSTALL = YES;
				SWIFT_VERSION = 4.2;
				TARGETED_DEVICE_FAMILY = "1,2";
			};
			name = Debug;
		};
		B587D51F20ED533600380EF1 /* Release */ = {
			isa = XCBuildConfiguration;
			buildSettings = {
				CODE_SIGN_ENTITLEMENTS = "Siri ShoppingLand/Siri ShoppingLand.entitlements";
				CODE_SIGN_STYLE = Automatic;
				DEVELOPMENT_TEAM = WHW5C4JA8E;
				INFOPLIST_FILE = "Siri ShoppingLand/Info.plist";
				IPHONEOS_DEPLOYMENT_TARGET = 10.0;
				LD_RUNPATH_SEARCH_PATHS = (
					"$(inherited)",
					"@executable_path/Frameworks",
					"@executable_path/../../Frameworks",
				);
				PRODUCT_BUNDLE_IDENTIFIER = "com.tae.Florentin.ShoppingLand.Siri-ShoppingLand";
				PRODUCT_NAME = "$(TARGET_NAME)";
				SKIP_INSTALL = YES;
				SWIFT_VERSION = 4.2;
				TARGETED_DEVICE_FAMILY = "1,2";
			};
			name = Release;
		};
/* End XCBuildConfiguration section */

/* Begin XCConfigurationList section */
		B522972420DBF47E006A56DA /* Build configuration list for PBXProject "ShoppingLand" */ = {
			isa = XCConfigurationList;
			buildConfigurations = (
				B522973C20DBF481006A56DA /* Debug */,
				B522973D20DBF481006A56DA /* Release */,
			);
			defaultConfigurationIsVisible = 0;
			defaultConfigurationName = Release;
		};
		B522973E20DBF481006A56DA /* Build configuration list for PBXNativeTarget "ShoppingLand" */ = {
			isa = XCConfigurationList;
			buildConfigurations = (
				B522973F20DBF481006A56DA /* Debug */,
				B522974020DBF481006A56DA /* Release */,
			);
			defaultConfigurationIsVisible = 0;
			defaultConfigurationName = Release;
		};
		B587D51D20ED533600380EF1 /* Build configuration list for PBXNativeTarget "Siri ShoppingLand" */ = {
			isa = XCConfigurationList;
			buildConfigurations = (
				B587D51E20ED533600380EF1 /* Debug */,
				B587D51F20ED533600380EF1 /* Release */,
			);
			defaultConfigurationIsVisible = 0;
			defaultConfigurationName = Release;
		};
/* End XCConfigurationList section */

/* Begin XCVersionGroup section */
		B5DF6DE320DFFDC300A06435 /* ShoppingLand.xcdatamodeld */ = {
			isa = XCVersionGroup;
			children = (
				B5DF6DE420DFFDC300A06435 /* ShoppingLand.xcdatamodel */,
			);
			currentVersion = B5DF6DE420DFFDC300A06435 /* ShoppingLand.xcdatamodel */;
			path = ShoppingLand.xcdatamodeld;
			sourceTree = "<group>";
			versionGroupType = wrapper.xcdatamodel;
		};
/* End XCVersionGroup section */
	};
	rootObject = B522972120DBF47E006A56DA /* Project object */;
}
